// !$*UTF8*$!
{
	archiveVersion = 1;
	classes = {
	};
	objectVersion = 50;
	objects = {

/* Begin PBXBuildFile section */
		5110D25524881B4200ADAA88 /* GoogleService-Info.plist in Resources */ = {isa = PBXBuildFile; fileRef = 5110D25424881B4100ADAA88 /* GoogleService-Info.plist */; };
		56FF8B93EAFDE9986FB9DF88 /* Pods_NewHireProject.framework in Frameworks */ = {isa = PBXBuildFile; fileRef = FEEB58D6E6066E468C8376AB /* Pods_NewHireProject.framework */; };
		6F0BB6CE2487E3E200045139 /* AppDelegate.swift in Sources */ = {isa = PBXBuildFile; fileRef = 6F0BB6CD2487E3E200045139 /* AppDelegate.swift */; };
		6F0BB6D02487E3E200045139 /* SceneDelegate.swift in Sources */ = {isa = PBXBuildFile; fileRef = 6F0BB6CF2487E3E200045139 /* SceneDelegate.swift */; };
		6F0BB6D22487E3E200045139 /* ViewController.swift in Sources */ = {isa = PBXBuildFile; fileRef = 6F0BB6D12487E3E200045139 /* ViewController.swift */; };
		6F0BB6D52487E3E200045139 /* Main.storyboard in Resources */ = {isa = PBXBuildFile; fileRef = 6F0BB6D32487E3E200045139 /* Main.storyboard */; };
		6F0BB6D72487E3E300045139 /* Assets.xcassets in Resources */ = {isa = PBXBuildFile; fileRef = 6F0BB6D62487E3E300045139 /* Assets.xcassets */; };
		6F0BB6DA2487E3E300045139 /* LaunchScreen.storyboard in Resources */ = {isa = PBXBuildFile; fileRef = 6F0BB6D82487E3E300045139 /* LaunchScreen.storyboard */; };
/* End PBXBuildFile section */

/* Begin PBXFileReference section */
		5110D25424881B4100ADAA88 /* GoogleService-Info.plist */ = {isa = PBXFileReference; fileEncoding = 4; lastKnownFileType = text.plist.xml; path = "GoogleService-Info.plist"; sourceTree = "<group>"; };
		6F0BB6CA2487E3E200045139 /* NewHireProject.app */ = {isa = PBXFileReference; explicitFileType = wrapper.application; includeInIndex = 0; path = NewHireProject.app; sourceTree = BUILT_PRODUCTS_DIR; };
		6F0BB6CD2487E3E200045139 /* AppDelegate.swift */ = {isa = PBXFileReference; lastKnownFileType = sourcecode.swift; path = AppDelegate.swift; sourceTree = "<group>"; };
		6F0BB6CF2487E3E200045139 /* SceneDelegate.swift */ = {isa = PBXFileReference; lastKnownFileType = sourcecode.swift; path = SceneDelegate.swift; sourceTree = "<group>"; };
		6F0BB6D12487E3E200045139 /* ViewController.swift */ = {isa = PBXFileReference; lastKnownFileType = sourcecode.swift; path = ViewController.swift; sourceTree = "<group>"; };
		6F0BB6D42487E3E200045139 /* Base */ = {isa = PBXFileReference; lastKnownFileType = file.storyboard; name = Base; path = Base.lproj/Main.storyboard; sourceTree = "<group>"; };
		6F0BB6D62487E3E300045139 /* Assets.xcassets */ = {isa = PBXFileReference; lastKnownFileType = folder.assetcatalog; path = Assets.xcassets; sourceTree = "<group>"; };
		6F0BB6D92487E3E300045139 /* Base */ = {isa = PBXFileReference; lastKnownFileType = file.storyboard; name = Base; path = Base.lproj/LaunchScreen.storyboard; sourceTree = "<group>"; };
		6F0BB6DB2487E3E300045139 /* Info.plist */ = {isa = PBXFileReference; lastKnownFileType = text.plist.xml; path = Info.plist; sourceTree = "<group>"; };
		9380AEADD431989352DBB1ED /* Pods-NewHireProject.debug.xcconfig */ = {isa = PBXFileReference; includeInIndex = 1; lastKnownFileType = text.xcconfig; name = "Pods-NewHireProject.debug.xcconfig"; path = "Target Support Files/Pods-NewHireProject/Pods-NewHireProject.debug.xcconfig"; sourceTree = "<group>"; };
		CFD483117FD2D66277920A47 /* Pods-NewHireProject.release.xcconfig */ = {isa = PBXFileReference; includeInIndex = 1; lastKnownFileType = text.xcconfig; name = "Pods-NewHireProject.release.xcconfig"; path = "Target Support Files/Pods-NewHireProject/Pods-NewHireProject.release.xcconfig"; sourceTree = "<group>"; };
		FEEB58D6E6066E468C8376AB /* Pods_NewHireProject.framework */ = {isa = PBXFileReference; explicitFileType = wrapper.framework; includeInIndex = 0; path = Pods_NewHireProject.framework; sourceTree = BUILT_PRODUCTS_DIR; };
/* End PBXFileReference section */

/* Begin PBXFrameworksBuildPhase section */
		6F0BB6C72487E3E200045139 /* Frameworks */ = {
			isa = PBXFrameworksBuildPhase;
			buildActionMask = 2147483647;
			files = (
				56FF8B93EAFDE9986FB9DF88 /* Pods_NewHireProject.framework in Frameworks */,
			);
			runOnlyForDeploymentPostprocessing = 0;
		};
/* End PBXFrameworksBuildPhase section */

/* Begin PBXGroup section */
		3AA9274233B3EEDF8E1AEFEF /* Frameworks */ = {
			isa = PBXGroup;
			children = (
				FEEB58D6E6066E468C8376AB /* Pods_NewHireProject.framework */,
			);
			name = Frameworks;
			sourceTree = "<group>";
		};
		6F0BB6C12487E3E200045139 = {
			isa = PBXGroup;
			children = (
				6F0BB6CC2487E3E200045139 /* NewHireProject */,
				6F0BB6CB2487E3E200045139 /* Products */,
				DC0BE05D27746396FAFA7A6E /* Pods */,
				3AA9274233B3EEDF8E1AEFEF /* Frameworks */,
			);
			sourceTree = "<group>";
		};
		6F0BB6CB2487E3E200045139 /* Products */ = {
			isa = PBXGroup;
			children = (
				6F0BB6CA2487E3E200045139 /* NewHireProject.app */,
			);
			name = Products;
			sourceTree = "<group>";
		};
		6F0BB6CC2487E3E200045139 /* NewHireProject */ = {
			isa = PBXGroup;
			children = (
				5110D25424881B4100ADAA88 /* GoogleService-Info.plist */,
				6F0BB6CD2487E3E200045139 /* AppDelegate.swift */,
				6F0BB6CF2487E3E200045139 /* SceneDelegate.swift */,
				6F0BB6D12487E3E200045139 /* ViewController.swift */,
				6F0BB6D32487E3E200045139 /* Main.storyboard */,
				6F0BB6D62487E3E300045139 /* Assets.xcassets */,
				6F0BB6D82487E3E300045139 /* LaunchScreen.storyboard */,
				6F0BB6DB2487E3E300045139 /* Info.plist */,
			);
			path = NewHireProject;
			sourceTree = "<group>";
		};
		DC0BE05D27746396FAFA7A6E /* Pods */ = {
			isa = PBXGroup;
			children = (
				9380AEADD431989352DBB1ED /* Pods-NewHireProject.debug.xcconfig */,
				CFD483117FD2D66277920A47 /* Pods-NewHireProject.release.xcconfig */,
			);
			path = Pods;
			sourceTree = "<group>";
		};
/* End PBXGroup section */

/* Begin PBXNativeTarget section */
		6F0BB6C92487E3E200045139 /* NewHireProject */ = {
			isa = PBXNativeTarget;
			buildConfigurationList = 6F0BB6DE2487E3E300045139 /* Build configuration list for PBXNativeTarget "NewHireProject" */;
			buildPhases = (
				86364000614A6BF6B7CECC9B /* [CP] Check Pods Manifest.lock */,
				6F0BB6C62487E3E200045139 /* Sources */,
				6F0BB6C72487E3E200045139 /* Frameworks */,
				6F0BB6C82487E3E200045139 /* Resources */,
				AF0A557712B3F01AB812CA19 /* [CP] Embed Pods Frameworks */,
			);
			buildRules = (
			);
			dependencies = (
			);
			name = NewHireProject;
			productName = NewHireProject;
			productReference = 6F0BB6CA2487E3E200045139 /* NewHireProject.app */;
			productType = "com.apple.product-type.application";
		};
/* End PBXNativeTarget section */

/* Begin PBXProject section */
		6F0BB6C22487E3E200045139 /* Project object */ = {
			isa = PBXProject;
			attributes = {
				LastSwiftUpdateCheck = 1150;
				LastUpgradeCheck = 1150;
				ORGANIZATIONNAME = HWKR;
				TargetAttributes = {
					6F0BB6C92487E3E200045139 = {
						CreatedOnToolsVersion = 11.5;
					};
				};
			};
			buildConfigurationList = 6F0BB6C52487E3E200045139 /* Build configuration list for PBXProject "NewHireProject" */;
			compatibilityVersion = "Xcode 9.3";
			developmentRegion = en;
			hasScannedForEncodings = 0;
			knownRegions = (
				en,
				Base,
			);
			mainGroup = 6F0BB6C12487E3E200045139;
			productRefGroup = 6F0BB6CB2487E3E200045139 /* Products */;
			projectDirPath = "";
			projectRoot = "";
			targets = (
				6F0BB6C92487E3E200045139 /* NewHireProject */,
			);
		};
/* End PBXProject section */

/* Begin PBXResourcesBuildPhase section */
		6F0BB6C82487E3E200045139 /* Resources */ = {
			isa = PBXResourcesBuildPhase;
			buildActionMask = 2147483647;
			files = (
				6F0BB6DA2487E3E300045139 /* LaunchScreen.storyboard in Resources */,
				5110D25524881B4200ADAA88 /* GoogleService-Info.plist in Resources */,
				6F0BB6D72487E3E300045139 /* Assets.xcassets in Resources */,
				6F0BB6D52487E3E200045139 /* Main.storyboard in Resources */,
			);
			runOnlyForDeploymentPostprocessing = 0;
		};
/* End PBXResourcesBuildPhase section */

/* Begin PBXShellScriptBuildPhase section */
		86364000614A6BF6B7CECC9B /* [CP] Check Pods Manifest.lock */ = {
			isa = PBXShellScriptBuildPhase;
			buildActionMask = 2147483647;
			files = (
			);
			inputFileListPaths = (
			);
			inputPaths = (
				"${PODS_PODFILE_DIR_PATH}/Podfile.lock",
				"${PODS_ROOT}/Manifest.lock",
			);
			name = "[CP] Check Pods Manifest.lock";
			outputFileListPaths = (
			);
			outputPaths = (
				"$(DERIVED_FILE_DIR)/Pods-NewHireProject-checkManifestLockResult.txt",
			);
			runOnlyForDeploymentPostprocessing = 0;
			shellPath = /bin/sh;
			shellScript = "diff \"${PODS_PODFILE_DIR_PATH}/Podfile.lock\" \"${PODS_ROOT}/Manifest.lock\" > /dev/null\nif [ $? != 0 ] ; then\n    # print error to STDERR\n    echo \"error: The sandbox is not in sync with the Podfile.lock. Run 'pod install' or update your CocoaPods installation.\" >&2\n    exit 1\nfi\n# This output is used by Xcode 'outputs' to avoid re-running this script phase.\necho \"SUCCESS\" > \"${SCRIPT_OUTPUT_FILE_0}\"\n";
			showEnvVarsInLog = 0;
		};
		AF0A557712B3F01AB812CA19 /* [CP] Embed Pods Frameworks */ = {
			isa = PBXShellScriptBuildPhase;
			buildActionMask = 2147483647;
			files = (
			);
			inputFileListPaths = (
				"${PODS_ROOT}/Target Support Files/Pods-NewHireProject/Pods-NewHireProject-frameworks-${CONFIGURATION}-input-files.xcfilelist",
			);
			name = "[CP] Embed Pods Frameworks";
			outputFileListPaths = (
				"${PODS_ROOT}/Target Support Files/Pods-NewHireProject/Pods-NewHireProject-frameworks-${CONFIGURATION}-output-files.xcfilelist",
			);
			runOnlyForDeploymentPostprocessing = 0;
			shellPath = /bin/sh;
			shellScript = "\"${PODS_ROOT}/Target Support Files/Pods-NewHireProject/Pods-NewHireProject-frameworks.sh\"\n";
			showEnvVarsInLog = 0;
		};
/* End PBXShellScriptBuildPhase section */

/* Begin PBXSourcesBuildPhase section */
		6F0BB6C62487E3E200045139 /* Sources */ = {
			isa = PBXSourcesBuildPhase;
			buildActionMask = 2147483647;
			files = (
				6F0BB6D22487E3E200045139 /* ViewController.swift in Sources */,
				6F0BB6CE2487E3E200045139 /* AppDelegate.swift in Sources */,
				6F0BB6D02487E3E200045139 /* SceneDelegate.swift in Sources */,
			);
			runOnlyForDeploymentPostprocessing = 0;
		};
/* End PBXSourcesBuildPhase section */

/* Begin PBXVariantGroup section */
		6F0BB6D32487E3E200045139 /* Main.storyboard */ = {
			isa = PBXVariantGroup;
			children = (
				6F0BB6D42487E3E200045139 /* Base */,
			);
			name = Main.storyboard;
			sourceTree = "<group>";
		};
		6F0BB6D82487E3E300045139 /* LaunchScreen.storyboard */ = {
			isa = PBXVariantGroup;
			children = (
				6F0BB6D92487E3E300045139 /* Base */,
			);
			name = LaunchScreen.storyboard;
			sourceTree = "<group>";
		};
/* End PBXVariantGroup section */

/* Begin XCBuildConfiguration section */
		6F0BB6DC2487E3E300045139 /* Debug */ = {
			isa = XCBuildConfiguration;
			buildSettings = {
				ALWAYS_SEARCH_USER_PATHS = NO;
				CLANG_ANALYZER_NONNULL = YES;
				CLANG_ANALYZER_NUMBER_OBJECT_CONVERSION = YES_AGGRESSIVE;
				CLANG_CXX_LANGUAGE_STANDARD = "gnu++14";
				CLANG_CXX_LIBRARY = "libc++";
				CLANG_ENABLE_MODULES = YES;
				CLANG_ENABLE_OBJC_ARC = YES;
				CLANG_ENABLE_OBJC_WEAK = YES;
				CLANG_WARN_BLOCK_CAPTURE_AUTORELEASING = YES;
				CLANG_WARN_BOOL_CONVERSION = YES;
				CLANG_WARN_COMMA = YES;
				CLANG_WARN_CONSTANT_CONVERSION = YES;
				CLANG_WARN_DEPRECATED_OBJC_IMPLEMENTATIONS = YES;
				CLANG_WARN_DIRECT_OBJC_ISA_USAGE = YES_ERROR;
				CLANG_WARN_DOCUMENTATION_COMMENTS = YES;
				CLANG_WARN_EMPTY_BODY = YES;
				CLANG_WARN_ENUM_CONVERSION = YES;
				CLANG_WARN_INFINITE_RECURSION = YES;
				CLANG_WARN_INT_CONVERSION = YES;
				CLANG_WARN_NON_LITERAL_NULL_CONVERSION = YES;
				CLANG_WARN_OBJC_IMPLICIT_RETAIN_SELF = YES;
				CLANG_WARN_OBJC_LITERAL_CONVERSION = YES;
				CLANG_WARN_OBJC_ROOT_CLASS = YES_ERROR;
				CLANG_WARN_RANGE_LOOP_ANALYSIS = YES;
				CLANG_WARN_STRICT_PROTOTYPES = YES;
				CLANG_WARN_SUSPICIOUS_MOVE = YES;
				CLANG_WARN_UNGUARDED_AVAILABILITY = YES_AGGRESSIVE;
				CLANG_WARN_UNREACHABLE_CODE = YES;
				CLANG_WARN__DUPLICATE_METHOD_MATCH = YES;
				COPY_PHASE_STRIP = NO;
				DEBUG_INFORMATION_FORMAT = dwarf;
				ENABLE_STRICT_OBJC_MSGSEND = YES;
				ENABLE_TESTABILITY = YES;
				GCC_C_LANGUAGE_STANDARD = gnu11;
				GCC_DYNAMIC_NO_PIC = NO;
				GCC_NO_COMMON_BLOCKS = YES;
				GCC_OPTIMIZATION_LEVEL = 0;
				GCC_PREPROCESSOR_DEFINITIONS = (
					"DEBUG=1",
					"$(inherited)",
				);
				GCC_WARN_64_TO_32_BIT_CONVERSION = YES;
				GCC_WARN_ABOUT_RETURN_TYPE = YES_ERROR;
				GCC_WARN_UNDECLARED_SELECTOR = YES;
				GCC_WARN_UNINITIALIZED_AUTOS = YES_AGGRESSIVE;
				GCC_WARN_UNUSED_FUNCTION = YES;
				GCC_WARN_UNUSED_VARIABLE = YES;
				IPHONEOS_DEPLOYMENT_TARGET = 13.5;
				MTL_ENABLE_DEBUG_INFO = INCLUDE_SOURCE;
				MTL_FAST_MATH = YES;
				ONLY_ACTIVE_ARCH = YES;
				SDKROOT = iphoneos;
				SWIFT_ACTIVE_COMPILATION_CONDITIONS = DEBUG;
				SWIFT_OPTIMIZATION_LEVEL = "-Onone";
			};
			name = Debug;
		};
		6F0BB6DD2487E3E300045139 /* Release */ = {
			isa = XCBuildConfiguration;
			buildSettings = {
				ALWAYS_SEARCH_USER_PATHS = NO;
				CLANG_ANALYZER_NONNULL = YES;
				CLANG_ANALYZER_NUMBER_OBJECT_CONVERSION = YES_AGGRESSIVE;
				CLANG_CXX_LANGUAGE_STANDARD = "gnu++14";
				CLANG_CXX_LIBRARY = "libc++";
				CLANG_ENABLE_MODULES = YES;
				CLANG_ENABLE_OBJC_ARC = YES;
				CLANG_ENABLE_OBJC_WEAK = YES;
				CLANG_WARN_BLOCK_CAPTURE_AUTORELEASING = YES;
				CLANG_WARN_BOOL_CONVERSION = YES;
				CLANG_WARN_COMMA = YES;
				CLANG_WARN_CONSTANT_CONVERSION = YES;
				CLANG_WARN_DEPRECATED_OBJC_IMPLEMENTATIONS = YES;
				CLANG_WARN_DIRECT_OBJC_ISA_USAGE = YES_ERROR;
				CLANG_WARN_DOCUMENTATION_COMMENTS = YES;
				CLANG_WARN_EMPTY_BODY = YES;
				CLANG_WARN_ENUM_CONVERSION = YES;
				CLANG_WARN_INFINITE_RECURSION = YES;
				CLANG_WARN_INT_CONVERSION = YES;
				CLANG_WARN_NON_LITERAL_NULL_CONVERSION = YES;
				CLANG_WARN_OBJC_IMPLICIT_RETAIN_SELF = YES;
				CLANG_WARN_OBJC_LITERAL_CONVERSION = YES;
				CLANG_WARN_OBJC_ROOT_CLASS = YES_ERROR;
				CLANG_WARN_RANGE_LOOP_ANALYSIS = YES;
				CLANG_WARN_STRICT_PROTOTYPES = YES;
				CLANG_WARN_SUSPICIOUS_MOVE = YES;
				CLANG_WARN_UNGUARDED_AVAILABILITY = YES_AGGRESSIVE;
				CLANG_WARN_UNREACHABLE_CODE = YES;
				CLANG_WARN__DUPLICATE_METHOD_MATCH = YES;
				COPY_PHASE_STRIP = NO;
				DEBUG_INFORMATION_FORMAT = "dwarf-with-dsym";
				ENABLE_NS_ASSERTIONS = NO;
				ENABLE_STRICT_OBJC_MSGSEND = YES;
				GCC_C_LANGUAGE_STANDARD = gnu11;
				GCC_NO_COMMON_BLOCKS = YES;
				GCC_WARN_64_TO_32_BIT_CONVERSION = YES;
				GCC_WARN_ABOUT_RETURN_TYPE = YES_ERROR;
				GCC_WARN_UNDECLARED_SELECTOR = YES;
				GCC_WARN_UNINITIALIZED_AUTOS = YES_AGGRESSIVE;
				GCC_WARN_UNUSED_FUNCTION = YES;
				GCC_WARN_UNUSED_VARIABLE = YES;
				IPHONEOS_DEPLOYMENT_TARGET = 13.5;
				MTL_ENABLE_DEBUG_INFO = NO;
				MTL_FAST_MATH = YES;
				SDKROOT = iphoneos;
				SWIFT_COMPILATION_MODE = wholemodule;
				SWIFT_OPTIMIZATION_LEVEL = "-O";
				VALIDATE_PRODUCT = YES;
			};
			name = Release;
		};
		6F0BB6DF2487E3E300045139 /* Debug */ = {
			isa = XCBuildConfiguration;
			baseConfigurationReference = 9380AEADD431989352DBB1ED /* Pods-NewHireProject.debug.xcconfig */;
			buildSettings = {
				ASSETCATALOG_COMPILER_APPICON_NAME = AppIcon;
				CODE_SIGN_STYLE = Automatic;
				DEVELOPMENT_TEAM = "";
				INFOPLIST_FILE = NewHireProject/Info.plist;
				IPHONEOS_DEPLOYMENT_TARGET = 10.3;
				LD_RUNPATH_SEARCH_PATHS = (
					"$(inherited)",
					"@executable_path/Frameworks",
				);
				PRODUCT_BUNDLE_IDENTIFIER = com.dlc.coreapp.NewHireProject;
				PRODUCT_NAME = "$(TARGET_NAME)";
				SWIFT_VERSION = 4.2;
				TARGETED_DEVICE_FAMILY = "1,2";
			};
			name = Debug;
		};
		6F0BB6E02487E3E300045139 /* Release */ = {
			isa = XCBuildConfiguration;
			baseConfigurationReference = CFD483117FD2D66277920A47 /* Pods-NewHireProject.release.xcconfig */;
			buildSettings = {
				ASSETCATALOG_COMPILER_APPICON_NAME = AppIcon;
				CODE_SIGN_STYLE = Automatic;
				DEVELOPMENT_TEAM = "";
				INFOPLIST_FILE = NewHireProject/Info.plist;
				IPHONEOS_DEPLOYMENT_TARGET = 10.3;
				LD_RUNPATH_SEARCH_PATHS = (
					"$(inherited)",
					"@executable_path/Frameworks",
				);
				PRODUCT_BUNDLE_IDENTIFIER = com.dlc.coreapp.NewHireProject;
				PRODUCT_NAME = "$(TARGET_NAME)";
				SWIFT_VERSION = 4.2;
				TARGETED_DEVICE_FAMILY = "1,2";
			};
			name = Release;
		};
/* End XCBuildConfiguration section */

/* Begin XCConfigurationList section */
		6F0BB6C52487E3E200045139 /* Build configuration list for PBXProject "NewHireProject" */ = {
			isa = XCConfigurationList;
			buildConfigurations = (
				6F0BB6DC2487E3E300045139 /* Debug */,
				6F0BB6DD2487E3E300045139 /* Release */,
			);
			defaultConfigurationIsVisible = 0;
			defaultConfigurationName = Release;
		};
		6F0BB6DE2487E3E300045139 /* Build configuration list for PBXNativeTarget "NewHireProject" */ = {
			isa = XCConfigurationList;
			buildConfigurations = (
				6F0BB6DF2487E3E300045139 /* Debug */,
				6F0BB6E02487E3E300045139 /* Release */,
			);
			defaultConfigurationIsVisible = 0;
			defaultConfigurationName = Release;
		};
/* End XCConfigurationList section */
	};
	rootObject = 6F0BB6C22487E3E200045139 /* Project object */;
}
